// !$*UTF8*$!
{
	archiveVersion = 1;
	classes = {
	};
	objectVersion = 77;
	objects = {

/* Begin PBXBuildFile section */
		2CA15DDA5EE38F08A410DD98 /* Toasts.swift in Sources */ = {isa = PBXBuildFile; fileRef = A7D4CEE13381AA77E8A8554E /* Toasts.swift */; };
		435797D966B35EC3D5BCD03A /* MenuBarView.swift in Sources */ = {isa = PBXBuildFile; fileRef = 31763DDF5B3BB18733D42A8D /* MenuBarView.swift */; };
		6BB7073E2D06D368AAC7D07B /* Assets.xcassets in Resources */ = {isa = PBXBuildFile; fileRef = 5C6CB1B251F6C09ECC6D2DEC /* Assets.xcassets */; };
		831925FDC99C1398784DEEF3 /* SpendingStore.swift in Sources */ = {isa = PBXBuildFile; fileRef = 6EDF6D8204243895E20A2DBC /* SpendingStore.swift */; };
		9AA1C162171693FFAC383517 /* SpendTrackerApp.swift in Sources */ = {isa = PBXBuildFile; fileRef = D8C8011B36588B725D15DC36 /* SpendTrackerApp.swift */; };
/* End PBXBuildFile section */

/* Begin PBXFileReference section */
		2E062C40FFB034EE06F92586 /* SpendTracker.app */ = {isa = PBXFileReference; explicitFileType = wrapper.application; includeInIndex = 0; path = SpendTracker.app; sourceTree = BUILT_PRODUCTS_DIR; };
		31763DDF5B3BB18733D42A8D /* MenuBarView.swift */ = {isa = PBXFileReference; lastKnownFileType = sourcecode.swift; path = MenuBarView.swift; sourceTree = "<group>"; };
		5C6CB1B251F6C09ECC6D2DEC /* Assets.xcassets */ = {isa = PBXFileReference; lastKnownFileType = folder.assetcatalog; path = Assets.xcassets; sourceTree = "<group>"; };
		6EDF6D8204243895E20A2DBC /* SpendingStore.swift */ = {isa = PBXFileReference; lastKnownFileType = sourcecode.swift; path = SpendingStore.swift; sourceTree = "<group>"; };
		A7D4CEE13381AA77E8A8554E /* Toasts.swift */ = {isa = PBXFileReference; lastKnownFileType = sourcecode.swift; path = Toasts.swift; sourceTree = "<group>"; };
		D8C8011B36588B725D15DC36 /* SpendTrackerApp.swift */ = {isa = PBXFileReference; lastKnownFileType = sourcecode.swift; path = SpendTrackerApp.swift; sourceTree = "<group>"; };
/* End PBXFileReference section */

/* Begin PBXGroup section */
		8A40278116230A20108BD583 /* Products */ = {
			isa = PBXGroup;
			children = (
				2E062C40FFB034EE06F92586 /* SpendTracker.app */,
			);
			name = Products;
			sourceTree = "<group>";
		};
		B575447BABEC2D1A0CF4139A /* SpendTrackerApp */ = {
			isa = PBXGroup;
			children = (
				5C6CB1B251F6C09ECC6D2DEC /* Assets.xcassets */,
			);
			path = SpendTrackerApp;
			sourceTree = "<group>";
		};
		DAC5E8E294FC72D1706A771F /* Sources */ = {
			isa = PBXGroup;
			children = (
				31763DDF5B3BB18733D42A8D /* MenuBarView.swift */,
				6EDF6D8204243895E20A2DBC /* SpendingStore.swift */,
				D8C8011B36588B725D15DC36 /* SpendTrackerApp.swift */,
				A7D4CEE13381AA77E8A8554E /* Toasts.swift */,
			);
			name = Sources;
			path = SpendTrackerApp/Sources;
			sourceTree = "<group>";
		};
		FFCD83A27CE561483B92C0A8 = {
			isa = PBXGroup;
			children = (
				DAC5E8E294FC72D1706A771F /* Sources */,
				B575447BABEC2D1A0CF4139A /* SpendTrackerApp */,
				8A40278116230A20108BD583 /* Products */,
			);
			sourceTree = "<group>";
		};
/* End PBXGroup section */

/* Begin PBXNativeTarget section */
		8CEE08E2E87A6F1705BF2397 /* SpendTracker */ = {
			isa = PBXNativeTarget;
			buildConfigurationList = CB9366BF8AE5DBD299B586B5 /* Build configuration list for PBXNativeTarget "SpendTracker" */;
			buildPhases = (
				D6C7677E2ED69B6081D70910 /* Sources */,
				523E5D2B93B1B136DB0C9B61 /* Resources */,
			);
			buildRules = (
			);
			dependencies = (
			);
			name = SpendTracker;
			packageProductDependencies = (
			);
			productName = SpendTracker;
			productReference = 2E062C40FFB034EE06F92586 /* SpendTracker.app */;
			productType = "com.apple.product-type.application";
		};
/* End PBXNativeTarget section */

/* Begin PBXProject section */
		0CD038350ACA862ED549E346 /* Project object */ = {
			isa = PBXProject;
			attributes = {
				BuildIndependentTargetsInParallel = YES;
				LastUpgradeCheck = 1430;
				TargetAttributes = {
					8CEE08E2E87A6F1705BF2397 = {
						DevelopmentTeam = "";
						ProvisioningStyle = Automatic;
					};
				};
			};
			buildConfigurationList = 7DA3E6801E47F792C49B993C /* Build configuration list for PBXProject "SpendTracker" */;
			developmentRegion = en;
			hasScannedForEncodings = 0;
			knownRegions = (
				Base,
				en,
			);
			mainGroup = FFCD83A27CE561483B92C0A8;
			minimizedProjectReferenceProxies = 1;
			preferredProjectObjectVersion = 77;
			productRefGroup = 8A40278116230A20108BD583 /* Products */;
			projectDirPath = "";
			projectRoot = "";
			targets = (
				8CEE08E2E87A6F1705BF2397 /* SpendTracker */,
			);
		};
/* End PBXProject section */

/* Begin PBXResourcesBuildPhase section */
		523E5D2B93B1B136DB0C9B61 /* Resources */ = {
			isa = PBXResourcesBuildPhase;
			buildActionMask = 2147483647;
			files = (
				6BB7073E2D06D368AAC7D07B /* Assets.xcassets in Resources */,
			);
			runOnlyForDeploymentPostprocessing = 0;
		};
/* End PBXResourcesBuildPhase section */

/* Begin PBXSourcesBuildPhase section */
		D6C7677E2ED69B6081D70910 /* Sources */ = {
			isa = PBXSourcesBuildPhase;
			buildActionMask = 2147483647;
			files = (
				435797D966B35EC3D5BCD03A /* MenuBarView.swift in Sources */,
				9AA1C162171693FFAC383517 /* SpendTrackerApp.swift in Sources */,
				831925FDC99C1398784DEEF3 /* SpendingStore.swift in Sources */,
				2CA15DDA5EE38F08A410DD98 /* Toasts.swift in Sources */,
			);
			runOnlyForDeploymentPostprocessing = 0;
		};
/* End PBXSourcesBuildPhase section */

/* Begin XCBuildConfiguration section */
		903EB827B269CAF2F4A518CC /* Debug */ = {
			isa = XCBuildConfiguration;
			buildSettings = {
				ASSETCATALOG_COMPILER_APPICON_NAME = AppIcon;
				COMBINE_HIDPI_IMAGES = YES;
				INFOPLIST_FILE = SpendTrackerApp/Info.plist;
				LD_RUNPATH_SEARCH_PATHS = (
					"$(inherited)",
					"@executable_path/../Frameworks",
				);
				PRODUCT_BUNDLE_IDENTIFIER = com.amastro.SpendTracker;
				PRODUCT_NAME = SpendTracker;
				SDKROOT = macosx;
			};
			name = Debug;
		};
		CC92B536ED739782B9FA2D4A /* Release */ = {
			isa = XCBuildConfiguration;
			buildSettings = {
				ALWAYS_SEARCH_USER_PATHS = NO;
				CLANG_ANALYZER_NONNULL = YES;
				CLANG_ANALYZER_NUMBER_OBJECT_CONVERSION = YES_AGGRESSIVE;
				CLANG_CXX_LANGUAGE_STANDARD = "gnu++14";
				CLANG_CXX_LIBRARY = "libc++";
				CLANG_ENABLE_MODULES = YES;
				CLANG_ENABLE_OBJC_ARC = YES;
				CLANG_ENABLE_OBJC_WEAK = YES;
				CLANG_WARN_BLOCK_CAPTURE_AUTORELEASING = YES;
				CLANG_WARN_BOOL_CONVERSION = YES;
				CLANG_WARN_COMMA = YES;
				CLANG_WARN_CONSTANT_CONVERSION = YES;
				CLANG_WARN_DEPRECATED_OBJC_IMPLEMENTATIONS = YES;
				CLANG_WARN_DIRECT_OBJC_ISA_USAGE = YES_ERROR;
				CLANG_WARN_DOCUMENTATION_COMMENTS = YES;
				CLANG_WARN_EMPTY_BODY = YES;
				CLANG_WARN_ENUM_CONVERSION = YES;
				CLANG_WARN_INFINITE_RECURSION = YES;
				CLANG_WARN_INT_CONVERSION = YES;
				CLANG_WARN_NON_LITERAL_NULL_CONVERSION = YES;
				CLANG_WARN_OBJC_IMPLICIT_RETAIN_SELF = YES;
				CLANG_WARN_OBJC_LITERAL_CONVERSION = YES;
				CLANG_WARN_OBJC_ROOT_CLASS = YES_ERROR;
				CLANG_WARN_QUOTED_INCLUDE_IN_FRAMEWORK_HEADER = YES;
				CLANG_WARN_RANGE_LOOP_ANALYSIS = YES;
				CLANG_WARN_STRICT_PROTOTYPES = YES;
				CLANG_WARN_SUSPICIOUS_MOVE = YES;
				CLANG_WARN_UNGUARDED_AVAILABILITY = YES_AGGRESSIVE;
				CLANG_WARN_UNREACHABLE_CODE = YES;
				CLANG_WARN__DUPLICATE_METHOD_MATCH = YES;
				CODE_SIGN_STYLE = Automatic;
				COPY_PHASE_STRIP = NO;
				DEBUG_INFORMATION_FORMAT = "dwarf-with-dsym";
				DEVELOPMENT_TEAM = "";
				ENABLE_NS_ASSERTIONS = NO;
				ENABLE_STRICT_OBJC_MSGSEND = YES;
				GCC_C_LANGUAGE_STANDARD = gnu11;
				GCC_NO_COMMON_BLOCKS = YES;
				GCC_WARN_64_TO_32_BIT_CONVERSION = YES;
				GCC_WARN_ABOUT_RETURN_TYPE = YES_ERROR;
				GCC_WARN_UNDECLARED_SELECTOR = YES;
				GCC_WARN_UNINITIALIZED_AUTOS = YES_AGGRESSIVE;
				GCC_WARN_UNUSED_FUNCTION = YES;
				GCC_WARN_UNUSED_VARIABLE = YES;
				MACOSX_DEPLOYMENT_TARGET = 14.0;
				MTL_ENABLE_DEBUG_INFO = NO;
				MTL_FAST_MATH = YES;
				PRODUCT_NAME = "$(TARGET_NAME)";
				SDKROOT = macosx;
				SWIFT_COMPILATION_MODE = wholemodule;
				SWIFT_OPTIMIZATION_LEVEL = "-O";
				SWIFT_VERSION = 5.0;
			};
			name = Release;
		};
		D2BFF5538C0C301E20586895 /* Release */ = {
			isa = XCBuildConfiguration;
			buildSettings = {
				ASSETCATALOG_COMPILER_APPICON_NAME = AppIcon;
				COMBINE_HIDPI_IMAGES = YES;
				INFOPLIST_FILE = SpendTrackerApp/Info.plist;
				LD_RUNPATH_SEARCH_PATHS = (
					"$(inherited)",
					"@executable_path/../Frameworks",
				);
				PRODUCT_BUNDLE_IDENTIFIER = com.amastro.SpendTracker;
				PRODUCT_NAME = SpendTracker;
				SDKROOT = macosx;
			};
			name = Release;
		};
		E2975D7BE342A0CD205303CB /* Debug */ = {
			isa = XCBuildConfiguration;
			buildSettings = {
				ALWAYS_SEARCH_USER_PATHS = NO;
				CLANG_ANALYZER_NONNULL = YES;
				CLANG_ANALYZER_NUMBER_OBJECT_CONVERSION = YES_AGGRESSIVE;
				CLANG_CXX_LANGUAGE_STANDARD = "gnu++14";
				CLANG_CXX_LIBRARY = "libc++";
				CLANG_ENABLE_MODULES = YES;
				CLANG_ENABLE_OBJC_ARC = YES;
				CLANG_ENABLE_OBJC_WEAK = YES;
				CLANG_WARN_BLOCK_CAPTURE_AUTORELEASING = YES;
				CLANG_WARN_BOOL_CONVERSION = YES;
				CLANG_WARN_COMMA = YES;
				CLANG_WARN_CONSTANT_CONVERSION = YES;
				CLANG_WARN_DEPRECATED_OBJC_IMPLEMENTATIONS = YES;
				CLANG_WARN_DIRECT_OBJC_ISA_USAGE = YES_ERROR;
				CLANG_WARN_DOCUMENTATION_COMMENTS = YES;
				CLANG_WARN_EMPTY_BODY = YES;
				CLANG_WARN_ENUM_CONVERSION = YES;
				CLANG_WARN_INFINITE_RECURSION = YES;
				CLANG_WARN_INT_CONVERSION = YES;
				CLANG_WARN_NON_LITERAL_NULL_CONVERSION = YES;
				CLANG_WARN_OBJC_IMPLICIT_RETAIN_SELF = YES;
				CLANG_WARN_OBJC_LITERAL_CONVERSION = YES;
				CLANG_WARN_OBJC_ROOT_CLASS = YES_ERROR;
				CLANG_WARN_QUOTED_INCLUDE_IN_FRAMEWORK_HEADER = YES;
				CLANG_WARN_RANGE_LOOP_ANALYSIS = YES;
				CLANG_WARN_STRICT_PROTOTYPES = YES;
				CLANG_WARN_SUSPICIOUS_MOVE = YES;
				CLANG_WARN_UNGUARDED_AVAILABILITY = YES_AGGRESSIVE;
				CLANG_WARN_UNREACHABLE_CODE = YES;
				CLANG_WARN__DUPLICATE_METHOD_MATCH = YES;
				CODE_SIGN_STYLE = Automatic;
				COPY_PHASE_STRIP = NO;
				DEBUG_INFORMATION_FORMAT = dwarf;
				DEVELOPMENT_TEAM = "";
				ENABLE_STRICT_OBJC_MSGSEND = YES;
				ENABLE_TESTABILITY = YES;
				GCC_C_LANGUAGE_STANDARD = gnu11;
				GCC_DYNAMIC_NO_PIC = NO;
				GCC_NO_COMMON_BLOCKS = YES;
				GCC_OPTIMIZATION_LEVEL = 0;
				GCC_PREPROCESSOR_DEFINITIONS = (
					"$(inherited)",
					"DEBUG=1",
				);
				GCC_WARN_64_TO_32_BIT_CONVERSION = YES;
				GCC_WARN_ABOUT_RETURN_TYPE = YES_ERROR;
				GCC_WARN_UNDECLARED_SELECTOR = YES;
				GCC_WARN_UNINITIALIZED_AUTOS = YES_AGGRESSIVE;
				GCC_WARN_UNUSED_FUNCTION = YES;
				GCC_WARN_UNUSED_VARIABLE = YES;
				MACOSX_DEPLOYMENT_TARGET = 14.0;
				MTL_ENABLE_DEBUG_INFO = INCLUDE_SOURCE;
				MTL_FAST_MATH = YES;
				ONLY_ACTIVE_ARCH = YES;
				PRODUCT_NAME = "$(TARGET_NAME)";
				SDKROOT = macosx;
				SWIFT_ACTIVE_COMPILATION_CONDITIONS = DEBUG;
				SWIFT_OPTIMIZATION_LEVEL = "-Onone";
				SWIFT_VERSION = 5.0;
			};
			name = Debug;
		};
/* End XCBuildConfiguration section */

/* Begin XCConfigurationList section */
		7DA3E6801E47F792C49B993C /* Build configuration list for PBXProject "SpendTracker" */ = {
			isa = XCConfigurationList;
			buildConfigurations = (
				E2975D7BE342A0CD205303CB /* Debug */,
				CC92B536ED739782B9FA2D4A /* Release */,
			);
			defaultConfigurationIsVisible = 0;
			defaultConfigurationName = Debug;
		};
		CB9366BF8AE5DBD299B586B5 /* Build configuration list for PBXNativeTarget "SpendTracker" */ = {
			isa = XCConfigurationList;
			buildConfigurations = (
				903EB827B269CAF2F4A518CC /* Debug */,
				D2BFF5538C0C301E20586895 /* Release */,
			);
			defaultConfigurationIsVisible = 0;
			defaultConfigurationName = Debug;
		};
/* End XCConfigurationList section */
	};
	rootObject = 0CD038350ACA862ED549E346 /* Project object */;
}
